// !$*UTF8*$!
{
	archiveVersion = 1;
	classes = {
	};
	objectVersion = 55;
	objects = {

/* Begin PBXBuildFile section */
		6C20AA2128B7A69200E01219 /* NetworkRequest.swift in Sources */ = {isa = PBXBuildFile; fileRef = 6C20AA2028B7A69200E01219 /* NetworkRequest.swift */; };
		6C20AA2328B7A8C200E01219 /* Constants.swift in Sources */ = {isa = PBXBuildFile; fileRef = 6C20AA2228B7A8C200E01219 /* Constants.swift */; };
		6C20AA2728B7ACEC00E01219 /* HomeView.swift in Sources */ = {isa = PBXBuildFile; fileRef = 6C20AA2628B7ACEC00E01219 /* HomeView.swift */; };
		6C2F8A1C28A288BE008E380B /* NetworkManager.swift in Sources */ = {isa = PBXBuildFile; fileRef = 6C2F8A1B28A288BE008E380B /* NetworkManager.swift */; };
		6C49F19628A562F200A3F56F /* MovieType.swift in Sources */ = {isa = PBXBuildFile; fileRef = 6C49F19528A562F200A3F56F /* MovieType.swift */; };
		6C63E9FC28AE6FF6005FA162 /* PopularViewModel.swift in Sources */ = {isa = PBXBuildFile; fileRef = 6C63E9FB28AE6FF6005FA162 /* PopularViewModel.swift */; };
		6C63E9FE28AE7002005FA162 /* PopularService.swift in Sources */ = {isa = PBXBuildFile; fileRef = 6C63E9FD28AE7002005FA162 /* PopularService.swift */; };
		6CD64DDE28A522D7008F89F0 /* Movie.swift in Sources */ = {isa = PBXBuildFile; fileRef = 6CD64DDD28A522D7008F89F0 /* Movie.swift */; };
		6CF07086289BF5C4008F0433 /* MoviesApp.swift in Sources */ = {isa = PBXBuildFile; fileRef = 6CF07085289BF5C4008F0433 /* MoviesApp.swift */; };
		6CF07088289BF5C4008F0433 /* PopularView.swift in Sources */ = {isa = PBXBuildFile; fileRef = 6CF07087289BF5C4008F0433 /* PopularView.swift */; };
		6CF0708A289BF5C8008F0433 /* Assets.xcassets in Resources */ = {isa = PBXBuildFile; fileRef = 6CF07089289BF5C8008F0433 /* Assets.xcassets */; };
		6CF0708D289BF5C8008F0433 /* Preview Assets.xcassets in Resources */ = {isa = PBXBuildFile; fileRef = 6CF0708C289BF5C8008F0433 /* Preview Assets.xcassets */; };
		6CF07097289BF5C9008F0433 /* MoviesTests.swift in Sources */ = {isa = PBXBuildFile; fileRef = 6CF07096289BF5C9008F0433 /* MoviesTests.swift */; };
		6CF070A1289BF5C9008F0433 /* MoviesUITests.swift in Sources */ = {isa = PBXBuildFile; fileRef = 6CF070A0289BF5C9008F0433 /* MoviesUITests.swift */; };
		6CF070A3289BF5C9008F0433 /* MoviesUITestsLaunchTests.swift in Sources */ = {isa = PBXBuildFile; fileRef = 6CF070A2289BF5C9008F0433 /* MoviesUITestsLaunchTests.swift */; };
/* End PBXBuildFile section */

/* Begin PBXContainerItemProxy section */
		6CF07093289BF5C9008F0433 /* PBXContainerItemProxy */ = {
			isa = PBXContainerItemProxy;
			containerPortal = 6CF0707A289BF5C3008F0433 /* Project object */;
			proxyType = 1;
			remoteGlobalIDString = 6CF07081289BF5C3008F0433;
			remoteInfo = Movies;
		};
		6CF0709D289BF5C9008F0433 /* PBXContainerItemProxy */ = {
			isa = PBXContainerItemProxy;
			containerPortal = 6CF0707A289BF5C3008F0433 /* Project object */;
			proxyType = 1;
			remoteGlobalIDString = 6CF07081289BF5C3008F0433;
			remoteInfo = Movies;
		};
/* End PBXContainerItemProxy section */

/* Begin PBXFileReference section */
		6C20AA2028B7A69200E01219 /* NetworkRequest.swift */ = {isa = PBXFileReference; lastKnownFileType = sourcecode.swift; path = NetworkRequest.swift; sourceTree = "<group>"; };
		6C20AA2228B7A8C200E01219 /* Constants.swift */ = {isa = PBXFileReference; lastKnownFileType = sourcecode.swift; path = Constants.swift; sourceTree = "<group>"; };
		6C20AA2628B7ACEC00E01219 /* HomeView.swift */ = {isa = PBXFileReference; lastKnownFileType = sourcecode.swift; path = HomeView.swift; sourceTree = "<group>"; };
		6C2F8A1B28A288BE008E380B /* NetworkManager.swift */ = {isa = PBXFileReference; lastKnownFileType = sourcecode.swift; path = NetworkManager.swift; sourceTree = "<group>"; };
		6C49F19528A562F200A3F56F /* MovieType.swift */ = {isa = PBXFileReference; lastKnownFileType = sourcecode.swift; path = MovieType.swift; sourceTree = "<group>"; };
		6C63E9FB28AE6FF6005FA162 /* PopularViewModel.swift */ = {isa = PBXFileReference; lastKnownFileType = sourcecode.swift; path = PopularViewModel.swift; sourceTree = "<group>"; };
		6C63E9FD28AE7002005FA162 /* PopularService.swift */ = {isa = PBXFileReference; lastKnownFileType = sourcecode.swift; path = PopularService.swift; sourceTree = "<group>"; };
		6CD64DDD28A522D7008F89F0 /* Movie.swift */ = {isa = PBXFileReference; lastKnownFileType = sourcecode.swift; path = Movie.swift; sourceTree = "<group>"; };
		6CF07082289BF5C4008F0433 /* Movies.app */ = {isa = PBXFileReference; explicitFileType = wrapper.application; includeInIndex = 0; path = Movies.app; sourceTree = BUILT_PRODUCTS_DIR; };
		6CF07085289BF5C4008F0433 /* MoviesApp.swift */ = {isa = PBXFileReference; lastKnownFileType = sourcecode.swift; path = MoviesApp.swift; sourceTree = "<group>"; };
		6CF07087289BF5C4008F0433 /* PopularView.swift */ = {isa = PBXFileReference; lastKnownFileType = sourcecode.swift; path = PopularView.swift; sourceTree = "<group>"; };
		6CF07089289BF5C8008F0433 /* Assets.xcassets */ = {isa = PBXFileReference; lastKnownFileType = folder.assetcatalog; path = Assets.xcassets; sourceTree = "<group>"; };
		6CF0708C289BF5C8008F0433 /* Preview Assets.xcassets */ = {isa = PBXFileReference; lastKnownFileType = folder.assetcatalog; path = "Preview Assets.xcassets"; sourceTree = "<group>"; };
		6CF07092289BF5C9008F0433 /* MoviesTests.xctest */ = {isa = PBXFileReference; explicitFileType = wrapper.cfbundle; includeInIndex = 0; path = MoviesTests.xctest; sourceTree = BUILT_PRODUCTS_DIR; };
		6CF07096289BF5C9008F0433 /* MoviesTests.swift */ = {isa = PBXFileReference; lastKnownFileType = sourcecode.swift; path = MoviesTests.swift; sourceTree = "<group>"; };
		6CF0709C289BF5C9008F0433 /* MoviesUITests.xctest */ = {isa = PBXFileReference; explicitFileType = wrapper.cfbundle; includeInIndex = 0; path = MoviesUITests.xctest; sourceTree = BUILT_PRODUCTS_DIR; };
		6CF070A0289BF5C9008F0433 /* MoviesUITests.swift */ = {isa = PBXFileReference; lastKnownFileType = sourcecode.swift; path = MoviesUITests.swift; sourceTree = "<group>"; };
		6CF070A2289BF5C9008F0433 /* MoviesUITestsLaunchTests.swift */ = {isa = PBXFileReference; lastKnownFileType = sourcecode.swift; path = MoviesUITestsLaunchTests.swift; sourceTree = "<group>"; };
/* End PBXFileReference section */

/* Begin PBXFrameworksBuildPhase section */
		6CF0707F289BF5C3008F0433 /* Frameworks */ = {
			isa = PBXFrameworksBuildPhase;
			buildActionMask = 2147483647;
			files = (
			);
			runOnlyForDeploymentPostprocessing = 0;
		};
		6CF0708F289BF5C9008F0433 /* Frameworks */ = {
			isa = PBXFrameworksBuildPhase;
			buildActionMask = 2147483647;
			files = (
			);
			runOnlyForDeploymentPostprocessing = 0;
		};
		6CF07099289BF5C9008F0433 /* Frameworks */ = {
			isa = PBXFrameworksBuildPhase;
			buildActionMask = 2147483647;
			files = (
			);
			runOnlyForDeploymentPostprocessing = 0;
		};
/* End PBXFrameworksBuildPhase section */

/* Begin PBXGroup section */
		6C20AA2428B7A98000E01219 /* Helper */ = {
			isa = PBXGroup;
			children = (
				6C20AA2228B7A8C200E01219 /* Constants.swift */,
			);
			path = Helper;
			sourceTree = "<group>";
		};
		6C20AA2528B7ACD100E01219 /* Home */ = {
			isa = PBXGroup;
			children = (
				6C20AA2628B7ACEC00E01219 /* HomeView.swift */,
			);
			path = Home;
			sourceTree = "<group>";
		};
		6C49F19428A562D400A3F56F /* Enums */ = {
			isa = PBXGroup;
			children = (
				6C49F19528A562F200A3F56F /* MovieType.swift */,
			);
			path = Enums;
			sourceTree = "<group>";
		};
		6C63E9F628AE6CBC005FA162 /* Main */ = {
			isa = PBXGroup;
			children = (
				6C20AA2528B7ACD100E01219 /* Home */,
				6C63E9FA28AE6ED9005FA162 /* Popular */,
				6CF07085289BF5C4008F0433 /* MoviesApp.swift */,
			);
			path = Main;
			sourceTree = "<group>";
		};
		6C63E9F728AE6CEC005FA162 /* ViewModel */ = {
			isa = PBXGroup;
			children = (
				6C63E9FB28AE6FF6005FA162 /* PopularViewModel.swift */,
			);
			path = ViewModel;
			sourceTree = "<group>";
		};
		6C63E9F828AE6D05005FA162 /* Service */ = {
			isa = PBXGroup;
			children = (
				6C49F19428A562D400A3F56F /* Enums */,
				6C63E9FD28AE7002005FA162 /* PopularService.swift */,
			);
			path = Service;
			sourceTree = "<group>";
		};
		6C63E9F928AE6EA6005FA162 /* Resources */ = {
			isa = PBXGroup;
			children = (
				6CF07089289BF5C8008F0433 /* Assets.xcassets */,
			);
			path = Resources;
			sourceTree = "<group>";
		};
		6C63E9FA28AE6ED9005FA162 /* Popular */ = {
			isa = PBXGroup;
			children = (
				6CF07087289BF5C4008F0433 /* PopularView.swift */,
				6C63E9F828AE6D05005FA162 /* Service */,
				6C63E9F728AE6CEC005FA162 /* ViewModel */,
			);
			path = Popular;
			sourceTree = "<group>";
		};
		6CD64DDC28A522CB008F89F0 /* Model */ = {
			isa = PBXGroup;
			children = (
				6CD64DDD28A522D7008F89F0 /* Movie.swift */,
			);
			path = Model;
			sourceTree = "<group>";
		};
		6CF07079289BF5C3008F0433 = {
			isa = PBXGroup;
			children = (
				6CF07084289BF5C4008F0433 /* Movies */,
				6CF07095289BF5C9008F0433 /* MoviesTests */,
				6CF0709F289BF5C9008F0433 /* MoviesUITests */,
				6CF07083289BF5C4008F0433 /* Products */,
			);
			sourceTree = "<group>";
		};
		6CF07083289BF5C4008F0433 /* Products */ = {
			isa = PBXGroup;
			children = (
				6CF07082289BF5C4008F0433 /* Movies.app */,
				6CF07092289BF5C9008F0433 /* MoviesTests.xctest */,
				6CF0709C289BF5C9008F0433 /* MoviesUITests.xctest */,
			);
			name = Products;
			sourceTree = "<group>";
		};
		6CF07084289BF5C4008F0433 /* Movies */ = {
			isa = PBXGroup;
			children = (
				6C63E9F628AE6CBC005FA162 /* Main */,
				6CD64DDC28A522CB008F89F0 /* Model */,
				6CF070AF289BF626008F0433 /* Network */,
				6C63E9F928AE6EA6005FA162 /* Resources */,
				6CF0708B289BF5C8008F0433 /* Preview Content */,
			);
			path = Movies;
			sourceTree = "<group>";
		};
		6CF0708B289BF5C8008F0433 /* Preview Content */ = {
			isa = PBXGroup;
			children = (
				6CF0708C289BF5C8008F0433 /* Preview Assets.xcassets */,
			);
			path = "Preview Content";
			sourceTree = "<group>";
		};
		6CF07095289BF5C9008F0433 /* MoviesTests */ = {
			isa = PBXGroup;
			children = (
				6CF07096289BF5C9008F0433 /* MoviesTests.swift */,
			);
			path = MoviesTests;
			sourceTree = "<group>";
		};
		6CF0709F289BF5C9008F0433 /* MoviesUITests */ = {
			isa = PBXGroup;
			children = (
				6CF070A0289BF5C9008F0433 /* MoviesUITests.swift */,
				6CF070A2289BF5C9008F0433 /* MoviesUITestsLaunchTests.swift */,
			);
			path = MoviesUITests;
			sourceTree = "<group>";
		};
		6CF070AF289BF626008F0433 /* Network */ = {
			isa = PBXGroup;
			children = (
				6C20AA2428B7A98000E01219 /* Helper */,
				6C2F8A1B28A288BE008E380B /* NetworkManager.swift */,
				6C20AA2028B7A69200E01219 /* NetworkRequest.swift */,
			);
			path = Network;
			sourceTree = "<group>";
		};
/* End PBXGroup section */

/* Begin PBXNativeTarget section */
		6CF07081289BF5C3008F0433 /* Movies */ = {
			isa = PBXNativeTarget;
			buildConfigurationList = 6CF070A6289BF5C9008F0433 /* Build configuration list for PBXNativeTarget "Movies" */;
			buildPhases = (
				6CF0707E289BF5C3008F0433 /* Sources */,
				6CF0707F289BF5C3008F0433 /* Frameworks */,
				6CF07080289BF5C3008F0433 /* Resources */,
			);
			buildRules = (
			);
			dependencies = (
			);
			name = Movies;
			productName = Movies;
			productReference = 6CF07082289BF5C4008F0433 /* Movies.app */;
			productType = "com.apple.product-type.application";
		};
		6CF07091289BF5C9008F0433 /* MoviesTests */ = {
			isa = PBXNativeTarget;
			buildConfigurationList = 6CF070A9289BF5C9008F0433 /* Build configuration list for PBXNativeTarget "MoviesTests" */;
			buildPhases = (
				6CF0708E289BF5C9008F0433 /* Sources */,
				6CF0708F289BF5C9008F0433 /* Frameworks */,
				6CF07090289BF5C9008F0433 /* Resources */,
			);
			buildRules = (
			);
			dependencies = (
				6CF07094289BF5C9008F0433 /* PBXTargetDependency */,
			);
			name = MoviesTests;
			productName = MoviesTests;
			productReference = 6CF07092289BF5C9008F0433 /* MoviesTests.xctest */;
			productType = "com.apple.product-type.bundle.unit-test";
		};
		6CF0709B289BF5C9008F0433 /* MoviesUITests */ = {
			isa = PBXNativeTarget;
			buildConfigurationList = 6CF070AC289BF5C9008F0433 /* Build configuration list for PBXNativeTarget "MoviesUITests" */;
			buildPhases = (
				6CF07098289BF5C9008F0433 /* Sources */,
				6CF07099289BF5C9008F0433 /* Frameworks */,
				6CF0709A289BF5C9008F0433 /* Resources */,
			);
			buildRules = (
			);
			dependencies = (
				6CF0709E289BF5C9008F0433 /* PBXTargetDependency */,
			);
			name = MoviesUITests;
			productName = MoviesUITests;
			productReference = 6CF0709C289BF5C9008F0433 /* MoviesUITests.xctest */;
			productType = "com.apple.product-type.bundle.ui-testing";
		};
/* End PBXNativeTarget section */

/* Begin PBXProject section */
		6CF0707A289BF5C3008F0433 /* Project object */ = {
			isa = PBXProject;
			attributes = {
				BuildIndependentTargetsInParallel = 1;
				LastSwiftUpdateCheck = 1340;
				LastUpgradeCheck = 1340;
				TargetAttributes = {
					6CF07081289BF5C3008F0433 = {
						CreatedOnToolsVersion = 13.4.1;
					};
					6CF07091289BF5C9008F0433 = {
						CreatedOnToolsVersion = 13.4.1;
						TestTargetID = 6CF07081289BF5C3008F0433;
					};
					6CF0709B289BF5C9008F0433 = {
						CreatedOnToolsVersion = 13.4.1;
						TestTargetID = 6CF07081289BF5C3008F0433;
					};
				};
			};
			buildConfigurationList = 6CF0707D289BF5C3008F0433 /* Build configuration list for PBXProject "Movies" */;
			compatibilityVersion = "Xcode 13.0";
			developmentRegion = en;
			hasScannedForEncodings = 0;
			knownRegions = (
				en,
				Base,
			);
			mainGroup = 6CF07079289BF5C3008F0433;
			productRefGroup = 6CF07083289BF5C4008F0433 /* Products */;
			projectDirPath = "";
			projectRoot = "";
			targets = (
				6CF07081289BF5C3008F0433 /* Movies */,
				6CF07091289BF5C9008F0433 /* MoviesTests */,
				6CF0709B289BF5C9008F0433 /* MoviesUITests */,
			);
		};
/* End PBXProject section */

/* Begin PBXResourcesBuildPhase section */
		6CF07080289BF5C3008F0433 /* Resources */ = {
			isa = PBXResourcesBuildPhase;
			buildActionMask = 2147483647;
			files = (
				6CF0708D289BF5C8008F0433 /* Preview Assets.xcassets in Resources */,
				6CF0708A289BF5C8008F0433 /* Assets.xcassets in Resources */,
			);
			runOnlyForDeploymentPostprocessing = 0;
		};
		6CF07090289BF5C9008F0433 /* Resources */ = {
			isa = PBXResourcesBuildPhase;
			buildActionMask = 2147483647;
			files = (
			);
			runOnlyForDeploymentPostprocessing = 0;
		};
		6CF0709A289BF5C9008F0433 /* Resources */ = {
			isa = PBXResourcesBuildPhase;
			buildActionMask = 2147483647;
			files = (
			);
			runOnlyForDeploymentPostprocessing = 0;
		};
/* End PBXResourcesBuildPhase section */

/* Begin PBXSourcesBuildPhase section */
		6CF0707E289BF5C3008F0433 /* Sources */ = {
			isa = PBXSourcesBuildPhase;
			buildActionMask = 2147483647;
			files = (
				6C63E9FE28AE7002005FA162 /* PopularService.swift in Sources */,
				6CD64DDE28A522D7008F89F0 /* Movie.swift in Sources */,
				6C63E9FC28AE6FF6005FA162 /* PopularViewModel.swift in Sources */,
				6C20AA2728B7ACEC00E01219 /* HomeView.swift in Sources */,
				6C49F19628A562F200A3F56F /* MovieType.swift in Sources */,
				6CF07088289BF5C4008F0433 /* PopularView.swift in Sources */,
				6C2F8A1C28A288BE008E380B /* NetworkManager.swift in Sources */,
				6C20AA2128B7A69200E01219 /* NetworkRequest.swift in Sources */,
				6CF07086289BF5C4008F0433 /* MoviesApp.swift in Sources */,
				6C20AA2328B7A8C200E01219 /* Constants.swift in Sources */,
			);
			runOnlyForDeploymentPostprocessing = 0;
		};
		6CF0708E289BF5C9008F0433 /* Sources */ = {
			isa = PBXSourcesBuildPhase;
			buildActionMask = 2147483647;
			files = (
				6CF07097289BF5C9008F0433 /* MoviesTests.swift in Sources */,
			);
			runOnlyForDeploymentPostprocessing = 0;
		};
		6CF07098289BF5C9008F0433 /* Sources */ = {
			isa = PBXSourcesBuildPhase;
			buildActionMask = 2147483647;
			files = (
				6CF070A1289BF5C9008F0433 /* MoviesUITests.swift in Sources */,
				6CF070A3289BF5C9008F0433 /* MoviesUITestsLaunchTests.swift in Sources */,
			);
			runOnlyForDeploymentPostprocessing = 0;
		};
/* End PBXSourcesBuildPhase section */

/* Begin PBXTargetDependency section */
		6CF07094289BF5C9008F0433 /* PBXTargetDependency */ = {
			isa = PBXTargetDependency;
			target = 6CF07081289BF5C3008F0433 /* Movies */;
			targetProxy = 6CF07093289BF5C9008F0433 /* PBXContainerItemProxy */;
		};
		6CF0709E289BF5C9008F0433 /* PBXTargetDependency */ = {
			isa = PBXTargetDependency;
			target = 6CF07081289BF5C3008F0433 /* Movies */;
			targetProxy = 6CF0709D289BF5C9008F0433 /* PBXContainerItemProxy */;
		};
/* End PBXTargetDependency section */

/* Begin XCBuildConfiguration section */
		6CF070A4289BF5C9008F0433 /* Debug */ = {
			isa = XCBuildConfiguration;
			buildSettings = {
				ALWAYS_SEARCH_USER_PATHS = NO;
				CLANG_ANALYZER_NONNULL = YES;
				CLANG_ANALYZER_NUMBER_OBJECT_CONVERSION = YES_AGGRESSIVE;
				CLANG_CXX_LANGUAGE_STANDARD = "gnu++17";
				CLANG_ENABLE_MODULES = YES;
				CLANG_ENABLE_OBJC_ARC = YES;
				CLANG_ENABLE_OBJC_WEAK = YES;
				CLANG_WARN_BLOCK_CAPTURE_AUTORELEASING = YES;
				CLANG_WARN_BOOL_CONVERSION = YES;
				CLANG_WARN_COMMA = YES;
				CLANG_WARN_CONSTANT_CONVERSION = YES;
				CLANG_WARN_DEPRECATED_OBJC_IMPLEMENTATIONS = YES;
				CLANG_WARN_DIRECT_OBJC_ISA_USAGE = YES_ERROR;
				CLANG_WARN_DOCUMENTATION_COMMENTS = YES;
				CLANG_WARN_EMPTY_BODY = YES;
				CLANG_WARN_ENUM_CONVERSION = YES;
				CLANG_WARN_INFINITE_RECURSION = YES;
				CLANG_WARN_INT_CONVERSION = YES;
				CLANG_WARN_NON_LITERAL_NULL_CONVERSION = YES;
				CLANG_WARN_OBJC_IMPLICIT_RETAIN_SELF = YES;
				CLANG_WARN_OBJC_LITERAL_CONVERSION = YES;
				CLANG_WARN_OBJC_ROOT_CLASS = YES_ERROR;
				CLANG_WARN_QUOTED_INCLUDE_IN_FRAMEWORK_HEADER = YES;
				CLANG_WARN_RANGE_LOOP_ANALYSIS = YES;
				CLANG_WARN_STRICT_PROTOTYPES = YES;
				CLANG_WARN_SUSPICIOUS_MOVE = YES;
				CLANG_WARN_UNGUARDED_AVAILABILITY = YES_AGGRESSIVE;
				CLANG_WARN_UNREACHABLE_CODE = YES;
				CLANG_WARN__DUPLICATE_METHOD_MATCH = YES;
				COPY_PHASE_STRIP = NO;
				DEBUG_INFORMATION_FORMAT = dwarf;
				ENABLE_STRICT_OBJC_MSGSEND = YES;
				ENABLE_TESTABILITY = YES;
				GCC_C_LANGUAGE_STANDARD = gnu11;
				GCC_DYNAMIC_NO_PIC = NO;
				GCC_NO_COMMON_BLOCKS = YES;
				GCC_OPTIMIZATION_LEVEL = 0;
				GCC_PREPROCESSOR_DEFINITIONS = (
					"DEBUG=1",
					"$(inherited)",
				);
				GCC_WARN_64_TO_32_BIT_CONVERSION = YES;
				GCC_WARN_ABOUT_RETURN_TYPE = YES_ERROR;
				GCC_WARN_UNDECLARED_SELECTOR = YES;
				GCC_WARN_UNINITIALIZED_AUTOS = YES_AGGRESSIVE;
				GCC_WARN_UNUSED_FUNCTION = YES;
				GCC_WARN_UNUSED_VARIABLE = YES;
				IPHONEOS_DEPLOYMENT_TARGET = 15.5;
				MTL_ENABLE_DEBUG_INFO = INCLUDE_SOURCE;
				MTL_FAST_MATH = YES;
				ONLY_ACTIVE_ARCH = YES;
				SDKROOT = iphoneos;
				SWIFT_ACTIVE_COMPILATION_CONDITIONS = DEBUG;
				SWIFT_OPTIMIZATION_LEVEL = "-Onone";
			};
			name = Debug;
		};
		6CF070A5289BF5C9008F0433 /* Release */ = {
			isa = XCBuildConfiguration;
			buildSettings = {
				ALWAYS_SEARCH_USER_PATHS = NO;
				CLANG_ANALYZER_NONNULL = YES;
				CLANG_ANALYZER_NUMBER_OBJECT_CONVERSION = YES_AGGRESSIVE;
				CLANG_CXX_LANGUAGE_STANDARD = "gnu++17";
				CLANG_ENABLE_MODULES = YES;
				CLANG_ENABLE_OBJC_ARC = YES;
				CLANG_ENABLE_OBJC_WEAK = YES;
				CLANG_WARN_BLOCK_CAPTURE_AUTORELEASING = YES;
				CLANG_WARN_BOOL_CONVERSION = YES;
				CLANG_WARN_COMMA = YES;
				CLANG_WARN_CONSTANT_CONVERSION = YES;
				CLANG_WARN_DEPRECATED_OBJC_IMPLEMENTATIONS = YES;
				CLANG_WARN_DIRECT_OBJC_ISA_USAGE = YES_ERROR;
				CLANG_WARN_DOCUMENTATION_COMMENTS = YES;
				CLANG_WARN_EMPTY_BODY = YES;
				CLANG_WARN_ENUM_CONVERSION = YES;
				CLANG_WARN_INFINITE_RECURSION = YES;
				CLANG_WARN_INT_CONVERSION = YES;
				CLANG_WARN_NON_LITERAL_NULL_CONVERSION = YES;
				CLANG_WARN_OBJC_IMPLICIT_RETAIN_SELF = YES;
				CLANG_WARN_OBJC_LITERAL_CONVERSION = YES;
				CLANG_WARN_OBJC_ROOT_CLASS = YES_ERROR;
				CLANG_WARN_QUOTED_INCLUDE_IN_FRAMEWORK_HEADER = YES;
				CLANG_WARN_RANGE_LOOP_ANALYSIS = YES;
				CLANG_WARN_STRICT_PROTOTYPES = YES;
				CLANG_WARN_SUSPICIOUS_MOVE = YES;
				CLANG_WARN_UNGUARDED_AVAILABILITY = YES_AGGRESSIVE;
				CLANG_WARN_UNREACHABLE_CODE = YES;
				CLANG_WARN__DUPLICATE_METHOD_MATCH = YES;
				COPY_PHASE_STRIP = NO;
				DEBUG_INFORMATION_FORMAT = "dwarf-with-dsym";
				ENABLE_NS_ASSERTIONS = NO;
				ENABLE_STRICT_OBJC_MSGSEND = YES;
				GCC_C_LANGUAGE_STANDARD = gnu11;
				GCC_NO_COMMON_BLOCKS = YES;
				GCC_WARN_64_TO_32_BIT_CONVERSION = YES;
				GCC_WARN_ABOUT_RETURN_TYPE = YES_ERROR;
				GCC_WARN_UNDECLARED_SELECTOR = YES;
				GCC_WARN_UNINITIALIZED_AUTOS = YES_AGGRESSIVE;
				GCC_WARN_UNUSED_FUNCTION = YES;
				GCC_WARN_UNUSED_VARIABLE = YES;
				IPHONEOS_DEPLOYMENT_TARGET = 15.5;
				MTL_ENABLE_DEBUG_INFO = NO;
				MTL_FAST_MATH = YES;
				SDKROOT = iphoneos;
				SWIFT_COMPILATION_MODE = wholemodule;
				SWIFT_OPTIMIZATION_LEVEL = "-O";
				VALIDATE_PRODUCT = YES;
			};
			name = Release;
		};
		6CF070A7289BF5C9008F0433 /* Debug */ = {
			isa = XCBuildConfiguration;
			buildSettings = {
				ASSETCATALOG_COMPILER_APPICON_NAME = AppIcon;
				ASSETCATALOG_COMPILER_GLOBAL_ACCENT_COLOR_NAME = AccentColor;
				CODE_SIGN_STYLE = Automatic;
				CURRENT_PROJECT_VERSION = 1;
				DEVELOPMENT_ASSET_PATHS = "\"Movies/Preview Content\"";
				ENABLE_PREVIEWS = YES;
				GENERATE_INFOPLIST_FILE = YES;
				INFOPLIST_KEY_UIApplicationSceneManifest_Generation = YES;
				INFOPLIST_KEY_UIApplicationSupportsIndirectInputEvents = YES;
				INFOPLIST_KEY_UILaunchScreen_Generation = YES;
				INFOPLIST_KEY_UISupportedInterfaceOrientations_iPad = "UIInterfaceOrientationPortrait UIInterfaceOrientationPortraitUpsideDown UIInterfaceOrientationLandscapeLeft UIInterfaceOrientationLandscapeRight";
				INFOPLIST_KEY_UISupportedInterfaceOrientations_iPhone = "UIInterfaceOrientationPortrait UIInterfaceOrientationLandscapeLeft UIInterfaceOrientationLandscapeRight";
				LD_RUNPATH_SEARCH_PATHS = (
					"$(inherited)",
					"@executable_path/Frameworks",
				);
				MARKETING_VERSION = 1.0;
				PRODUCT_BUNDLE_IDENTIFIER = com.samjesus95.Movies;
				PRODUCT_NAME = "$(TARGET_NAME)";
				SWIFT_EMIT_LOC_STRINGS = YES;
				SWIFT_VERSION = 5.0;
				TARGETED_DEVICE_FAMILY = "1,2";
			};
			name = Debug;
		};
		6CF070A8289BF5C9008F0433 /* Release */ = {
			isa = XCBuildConfiguration;
			buildSettings = {
				ASSETCATALOG_COMPILER_APPICON_NAME = AppIcon;
				ASSETCATALOG_COMPILER_GLOBAL_ACCENT_COLOR_NAME = AccentColor;
				CODE_SIGN_STYLE = Automatic;
				CURRENT_PROJECT_VERSION = 1;
				DEVELOPMENT_ASSET_PATHS = "\"Movies/Preview Content\"";
				ENABLE_PREVIEWS = YES;
				GENERATE_INFOPLIST_FILE = YES;
				INFOPLIST_KEY_UIApplicationSceneManifest_Generation = YES;
				INFOPLIST_KEY_UIApplicationSupportsIndirectInputEvents = YES;
				INFOPLIST_KEY_UILaunchScreen_Generation = YES;
				INFOPLIST_KEY_UISupportedInterfaceOrientations_iPad = "UIInterfaceOrientationPortrait UIInterfaceOrientationPortraitUpsideDown UIInterfaceOrientationLandscapeLeft UIInterfaceOrientationLandscapeRight";
				INFOPLIST_KEY_UISupportedInterfaceOrientations_iPhone = "UIInterfaceOrientationPortrait UIInterfaceOrientationLandscapeLeft UIInterfaceOrientationLandscapeRight";
				LD_RUNPATH_SEARCH_PATHS = (
					"$(inherited)",
					"@executable_path/Frameworks",
				);
				MARKETING_VERSION = 1.0;
				PRODUCT_BUNDLE_IDENTIFIER = com.samjesus95.Movies;
				PRODUCT_NAME = "$(TARGET_NAME)";
				SWIFT_EMIT_LOC_STRINGS = YES;
				SWIFT_VERSION = 5.0;
				TARGETED_DEVICE_FAMILY = "1,2";
			};
			name = Release;
		};
		6CF070AA289BF5C9008F0433 /* Debug */ = {
			isa = XCBuildConfiguration;
			buildSettings = {
				ALWAYS_EMBED_SWIFT_STANDARD_LIBRARIES = YES;
				BUNDLE_LOADER = "$(TEST_HOST)";
				CODE_SIGN_STYLE = Automatic;
				CURRENT_PROJECT_VERSION = 1;
				GENERATE_INFOPLIST_FILE = YES;
				IPHONEOS_DEPLOYMENT_TARGET = 15.5;
				MARKETING_VERSION = 1.0;
				PRODUCT_BUNDLE_IDENTIFIER = com.samjesus95.MoviesTests;
				PRODUCT_NAME = "$(TARGET_NAME)";
				SWIFT_EMIT_LOC_STRINGS = NO;
				SWIFT_VERSION = 5.0;
				TARGETED_DEVICE_FAMILY = "1,2";
				TEST_HOST = "$(BUILT_PRODUCTS_DIR)/Movies.app/Movies";
			};
			name = Debug;
		};
		6CF070AB289BF5C9008F0433 /* Release */ = {
			isa = XCBuildConfiguration;
			buildSettings = {
				ALWAYS_EMBED_SWIFT_STANDARD_LIBRARIES = YES;
				BUNDLE_LOADER = "$(TEST_HOST)";
				CODE_SIGN_STYLE = Automatic;
				CURRENT_PROJECT_VERSION = 1;
				GENERATE_INFOPLIST_FILE = YES;
				IPHONEOS_DEPLOYMENT_TARGET = 15.5;
				MARKETING_VERSION = 1.0;
				PRODUCT_BUNDLE_IDENTIFIER = com.samjesus95.MoviesTests;
				PRODUCT_NAME = "$(TARGET_NAME)";
				SWIFT_EMIT_LOC_STRINGS = NO;
				SWIFT_VERSION = 5.0;
				TARGETED_DEVICE_FAMILY = "1,2";
				TEST_HOST = "$(BUILT_PRODUCTS_DIR)/Movies.app/Movies";
			};
			name = Release;
		};
		6CF070AD289BF5C9008F0433 /* Debug */ = {
			isa = XCBuildConfiguration;
			buildSettings = {
				ALWAYS_EMBED_SWIFT_STANDARD_LIBRARIES = YES;
				CODE_SIGN_STYLE = Automatic;
				CURRENT_PROJECT_VERSION = 1;
				GENERATE_INFOPLIST_FILE = YES;
				MARKETING_VERSION = 1.0;
				PRODUCT_BUNDLE_IDENTIFIER = com.samjesus95.MoviesUITests;
				PRODUCT_NAME = "$(TARGET_NAME)";
				SWIFT_EMIT_LOC_STRINGS = NO;
				SWIFT_VERSION = 5.0;
				TARGETED_DEVICE_FAMILY = "1,2";
				TEST_TARGET_NAME = Movies;
			};
			name = Debug;
		};
		6CF070AE289BF5C9008F0433 /* Release */ = {
			isa = XCBuildConfiguration;
			buildSettings = {
				ALWAYS_EMBED_SWIFT_STANDARD_LIBRARIES = YES;
				CODE_SIGN_STYLE = Automatic;
				CURRENT_PROJECT_VERSION = 1;
				GENERATE_INFOPLIST_FILE = YES;
				MARKETING_VERSION = 1.0;
				PRODUCT_BUNDLE_IDENTIFIER = com.samjesus95.MoviesUITests;
				PRODUCT_NAME = "$(TARGET_NAME)";
				SWIFT_EMIT_LOC_STRINGS = NO;
				SWIFT_VERSION = 5.0;
				TARGETED_DEVICE_FAMILY = "1,2";
				TEST_TARGET_NAME = Movies;
			};
			name = Release;
		};
/* End XCBuildConfiguration section */

/* Begin XCConfigurationList section */
		6CF0707D289BF5C3008F0433 /* Build configuration list for PBXProject "Movies" */ = {
			isa = XCConfigurationList;
			buildConfigurations = (
				6CF070A4289BF5C9008F0433 /* Debug */,
				6CF070A5289BF5C9008F0433 /* Release */,
			);
			defaultConfigurationIsVisible = 0;
			defaultConfigurationName = Release;
		};
		6CF070A6289BF5C9008F0433 /* Build configuration list for PBXNativeTarget "Movies" */ = {
			isa = XCConfigurationList;
			buildConfigurations = (
				6CF070A7289BF5C9008F0433 /* Debug */,
				6CF070A8289BF5C9008F0433 /* Release */,
			);
			defaultConfigurationIsVisible = 0;
			defaultConfigurationName = Release;
		};
		6CF070A9289BF5C9008F0433 /* Build configuration list for PBXNativeTarget "MoviesTests" */ = {
			isa = XCConfigurationList;
			buildConfigurations = (
				6CF070AA289BF5C9008F0433 /* Debug */,
				6CF070AB289BF5C9008F0433 /* Release */,
			);
			defaultConfigurationIsVisible = 0;
			defaultConfigurationName = Release;
		};
		6CF070AC289BF5C9008F0433 /* Build configuration list for PBXNativeTarget "MoviesUITests" */ = {
			isa = XCConfigurationList;
			buildConfigurations = (
				6CF070AD289BF5C9008F0433 /* Debug */,
				6CF070AE289BF5C9008F0433 /* Release */,
			);
			defaultConfigurationIsVisible = 0;
			defaultConfigurationName = Release;
		};
/* End XCConfigurationList section */
	};
	rootObject = 6CF0707A289BF5C3008F0433 /* Project object */;
}
